
Microsoft Visual Studio Solution File, Format Version 12.00
# Visual Studio Version 17
VisualStudioVersion = 17.11.35222.181
MinimumVisualStudioVersion = 10.0.40219.1
Project("{FAE04EC0-301F-11D3-BF4B-00C04F79EFBC}") = "NIPSEA.API", "NIPSEA.API\NIPSEA.API.csproj", "{B85FCD94-8F9A-481D-902D-6071231A8B8F}"
EndProject
Global
	GlobalSection(SolutionConfigurationPlatforms) = preSolution
		Debug|Any CPU = Debug|Any CPU
		Release|Any CPU = Release|Any CPU
	EndGlobalSection
	GlobalSection(ProjectConfigurationPlatforms) = postSolution
		{B85FCD94-8F9A-481D-902D-6071231A8B8F}.Debug|Any CPU.ActiveCfg = Debug|Any CPU
		{B85FCD94-8F9A-481D-902D-6071231A8B8F}.Debug|Any CPU.Build.0 = Debug|Any CPU
		{B85FCD94-8F9A-481D-902D-6071231A8B8F}.Release|Any CPU.ActiveCfg = Release|Any CPU
		{B85FCD94-8F9A-481D-902D-6071231A8B8F}.Release|Any CPU.Build.0 = Release|Any CPU
	EndGlobalSection
	GlobalSection(SolutionProperties) = preSolution
		HideSolutionNode = FALSE
	EndGlobalSection
	GlobalSection(ExtensibilityGlobals) = postSolution
		SolutionGuid = {ED4A67E1-6E12-4891-B143-994C12E71885}
	EndGlobalSection
EndGlobal
